// !$*UTF8*$!
{
	archiveVersion = 1;
	classes = {
	};
	objectVersion = 48;
	objects = {

/* Begin PBXBuildFile section */
		56990CA51FE42949008527CF /* CollectionViewController.swift in Sources */ = {isa = PBXBuildFile; fileRef = 56990CA41FE42949008527CF /* CollectionViewController.swift */; };
		56BEB7051FE1730400493CC8 /* AppDelegate.swift in Sources */ = {isa = PBXBuildFile; fileRef = 56BEB7041FE1730400493CC8 /* AppDelegate.swift */; };
		56BEB7071FE1730400493CC8 /* ViewController.swift in Sources */ = {isa = PBXBuildFile; fileRef = 56BEB7061FE1730400493CC8 /* ViewController.swift */; };
		56BEB70A1FE1730400493CC8 /* Main.storyboard in Resources */ = {isa = PBXBuildFile; fileRef = 56BEB7081FE1730400493CC8 /* Main.storyboard */; };
		56BEB70C1FE1730400493CC8 /* Assets.xcassets in Resources */ = {isa = PBXBuildFile; fileRef = 56BEB70B1FE1730400493CC8 /* Assets.xcassets */; };
		56BEB70F1FE1730400493CC8 /* LaunchScreen.storyboard in Resources */ = {isa = PBXBuildFile; fileRef = 56BEB70D1FE1730400493CC8 /* LaunchScreen.storyboard */; };
		56BEB7181FE1B8DD00493CC8 /* TypeSearchTableViewCell.swift in Sources */ = {isa = PBXBuildFile; fileRef = 56BEB7161FE1B8DD00493CC8 /* TypeSearchTableViewCell.swift */; };
		56BEB7191FE1B8DD00493CC8 /* TypeSearchTableViewCell.xib in Resources */ = {isa = PBXBuildFile; fileRef = 56BEB7171FE1B8DD00493CC8 /* TypeSearchTableViewCell.xib */; };
		56BEB71B1FE1BEB400493CC8 /* ViewController2.swift in Sources */ = {isa = PBXBuildFile; fileRef = 56BEB71A1FE1BEB400493CC8 /* ViewController2.swift */; };
/* End PBXBuildFile section */

/* Begin PBXFileReference section */
		56990CA41FE42949008527CF /* CollectionViewController.swift */ = {isa = PBXFileReference; lastKnownFileType = sourcecode.swift; path = CollectionViewController.swift; sourceTree = "<group>"; };
		56BEB7011FE1730400493CC8 /* DemoInterface.app */ = {isa = PBXFileReference; explicitFileType = wrapper.application; includeInIndex = 0; path = DemoInterface.app; sourceTree = BUILT_PRODUCTS_DIR; };
		56BEB7041FE1730400493CC8 /* AppDelegate.swift */ = {isa = PBXFileReference; lastKnownFileType = sourcecode.swift; path = AppDelegate.swift; sourceTree = "<group>"; };
		56BEB7061FE1730400493CC8 /* ViewController.swift */ = {isa = PBXFileReference; lastKnownFileType = sourcecode.swift; path = ViewController.swift; sourceTree = "<group>"; };
		56BEB7091FE1730400493CC8 /* Base */ = {isa = PBXFileReference; lastKnownFileType = file.storyboard; name = Base; path = Base.lproj/Main.storyboard; sourceTree = "<group>"; };
		56BEB70B1FE1730400493CC8 /* Assets.xcassets */ = {isa = PBXFileReference; lastKnownFileType = folder.assetcatalog; path = Assets.xcassets; sourceTree = "<group>"; };
		56BEB70E1FE1730400493CC8 /* Base */ = {isa = PBXFileReference; lastKnownFileType = file.storyboard; name = Base; path = Base.lproj/LaunchScreen.storyboard; sourceTree = "<group>"; };
		56BEB7101FE1730400493CC8 /* Info.plist */ = {isa = PBXFileReference; lastKnownFileType = text.plist.xml; path = Info.plist; sourceTree = "<group>"; };
		56BEB7161FE1B8DD00493CC8 /* TypeSearchTableViewCell.swift */ = {isa = PBXFileReference; lastKnownFileType = sourcecode.swift; path = TypeSearchTableViewCell.swift; sourceTree = "<group>"; };
		56BEB7171FE1B8DD00493CC8 /* TypeSearchTableViewCell.xib */ = {isa = PBXFileReference; lastKnownFileType = file.xib; path = TypeSearchTableViewCell.xib; sourceTree = "<group>"; };
		56BEB71A1FE1BEB400493CC8 /* ViewController2.swift */ = {isa = PBXFileReference; lastKnownFileType = sourcecode.swift; path = ViewController2.swift; sourceTree = "<group>"; };
/* End PBXFileReference section */

/* Begin PBXFrameworksBuildPhase section */
		56BEB6FE1FE1730400493CC8 /* Frameworks */ = {
			isa = PBXFrameworksBuildPhase;
			buildActionMask = 2147483647;
			files = (
			);
			runOnlyForDeploymentPostprocessing = 0;
		};
/* End PBXFrameworksBuildPhase section */

/* Begin PBXGroup section */
		56BEB6F81FE1730400493CC8 = {
			isa = PBXGroup;
			children = (
				56BEB7031FE1730400493CC8 /* DemoInterface */,
				56BEB7021FE1730400493CC8 /* Products */,
			);
			sourceTree = "<group>";
		};
		56BEB7021FE1730400493CC8 /* Products */ = {
			isa = PBXGroup;
			children = (
				56BEB7011FE1730400493CC8 /* DemoInterface.app */,
			);
			name = Products;
			sourceTree = "<group>";
		};
		56BEB7031FE1730400493CC8 /* DemoInterface */ = {
			isa = PBXGroup;
			children = (
				56BEB7041FE1730400493CC8 /* AppDelegate.swift */,
				56BEB7061FE1730400493CC8 /* ViewController.swift */,
				56BEB7081FE1730400493CC8 /* Main.storyboard */,
				56BEB70B1FE1730400493CC8 /* Assets.xcassets */,
				56BEB70D1FE1730400493CC8 /* LaunchScreen.storyboard */,
				56BEB7101FE1730400493CC8 /* Info.plist */,
				56BEB7161FE1B8DD00493CC8 /* TypeSearchTableViewCell.swift */,
				56BEB7171FE1B8DD00493CC8 /* TypeSearchTableViewCell.xib */,
				56BEB71A1FE1BEB400493CC8 /* ViewController2.swift */,
				56990CA41FE42949008527CF /* CollectionViewController.swift */,
			);
			path = DemoInterface;
			sourceTree = "<group>";
		};
/* End PBXGroup section */

/* Begin PBXNativeTarget section */
		56BEB7001FE1730400493CC8 /* DemoInterface */ = {
			isa = PBXNativeTarget;
			buildConfigurationList = 56BEB7131FE1730400493CC8 /* Build configuration list for PBXNativeTarget "DemoInterface" */;
			buildPhases = (
				56BEB6FD1FE1730400493CC8 /* Sources */,
				56BEB6FE1FE1730400493CC8 /* Frameworks */,
				56BEB6FF1FE1730400493CC8 /* Resources */,
			);
			buildRules = (
			);
			dependencies = (
			);
			name = DemoInterface;
			productName = DemoInterface;
			productReference = 56BEB7011FE1730400493CC8 /* DemoInterface.app */;
			productType = "com.apple.product-type.application";
		};
/* End PBXNativeTarget section */

/* Begin PBXProject section */
		56BEB6F91FE1730400493CC8 /* Project object */ = {
			isa = PBXProject;
			attributes = {
				LastSwiftUpdateCheck = 0910;
				LastUpgradeCheck = 0910;
				ORGANIZATIONNAME = Orbis;
				TargetAttributes = {
					56BEB7001FE1730400493CC8 = {
						CreatedOnToolsVersion = 9.1;
						ProvisioningStyle = Automatic;
					};
				};
			};
			buildConfigurationList = 56BEB6FC1FE1730400493CC8 /* Build configuration list for PBXProject "DemoInterface" */;
			compatibilityVersion = "Xcode 8.0";
			developmentRegion = en;
			hasScannedForEncodings = 0;
			knownRegions = (
				en,
				Base,
			);
			mainGroup = 56BEB6F81FE1730400493CC8;
			productRefGroup = 56BEB7021FE1730400493CC8 /* Products */;
			projectDirPath = "";
			projectRoot = "";
			targets = (
				56BEB7001FE1730400493CC8 /* DemoInterface */,
			);
		};
/* End PBXProject section */

/* Begin PBXResourcesBuildPhase section */
		56BEB6FF1FE1730400493CC8 /* Resources */ = {
			isa = PBXResourcesBuildPhase;
			buildActionMask = 2147483647;
			files = (
				56BEB70F1FE1730400493CC8 /* LaunchScreen.storyboard in Resources */,
				56BEB70C1FE1730400493CC8 /* Assets.xcassets in Resources */,
				56BEB70A1FE1730400493CC8 /* Main.storyboard in Resources */,
				56BEB7191FE1B8DD00493CC8 /* TypeSearchTableViewCell.xib in Resources */,
			);
			runOnlyForDeploymentPostprocessing = 0;
		};
/* End PBXResourcesBuildPhase section */

/* Begin PBXSourcesBuildPhase section */
		56BEB6FD1FE1730400493CC8 /* Sources */ = {
			isa = PBXSourcesBuildPhase;
			buildActionMask = 2147483647;
			files = (
				56BEB7071FE1730400493CC8 /* ViewController.swift in Sources */,
				56BEB71B1FE1BEB400493CC8 /* ViewController2.swift in Sources */,
				56BEB7181FE1B8DD00493CC8 /* TypeSearchTableViewCell.swift in Sources */,
				56BEB7051FE1730400493CC8 /* AppDelegate.swift in Sources */,
				56990CA51FE42949008527CF /* CollectionViewController.swift in Sources */,
			);
			runOnlyForDeploymentPostprocessing = 0;
		};
/* End PBXSourcesBuildPhase section */

/* Begin PBXVariantGroup section */
		56BEB7081FE1730400493CC8 /* Main.storyboard */ = {
			isa = PBXVariantGroup;
			children = (
				56BEB7091FE1730400493CC8 /* Base */,
			);
			name = Main.storyboard;
			sourceTree = "<group>";
		};
		56BEB70D1FE1730400493CC8 /* LaunchScreen.storyboard */ = {
			isa = PBXVariantGroup;
			children = (
				56BEB70E1FE1730400493CC8 /* Base */,
			);
			name = LaunchScreen.storyboard;
			sourceTree = "<group>";
		};
/* End PBXVariantGroup section */

/* Begin XCBuildConfiguration section */
		56BEB7111FE1730400493CC8 /* Debug */ = {
			isa = XCBuildConfiguration;
			buildSettings = {
				ALWAYS_SEARCH_USER_PATHS = NO;
				CLANG_ANALYZER_NONNULL = YES;
				CLANG_ANALYZER_NUMBER_OBJECT_CONVERSION = YES_AGGRESSIVE;
				CLANG_CXX_LANGUAGE_STANDARD = "gnu++14";
				CLANG_CXX_LIBRARY = "libc++";
				CLANG_ENABLE_MODULES = YES;
				CLANG_ENABLE_OBJC_ARC = YES;
				CLANG_WARN_BLOCK_CAPTURE_AUTORELEASING = YES;
				CLANG_WARN_BOOL_CONVERSION = YES;
				CLANG_WARN_COMMA = YES;
				CLANG_WARN_CONSTANT_CONVERSION = YES;
				CLANG_WARN_DIRECT_OBJC_ISA_USAGE = YES_ERROR;
				CLANG_WARN_DOCUMENTATION_COMMENTS = YES;
				CLANG_WARN_EMPTY_BODY = YES;
				CLANG_WARN_ENUM_CONVERSION = YES;
				CLANG_WARN_INFINITE_RECURSION = YES;
				CLANG_WARN_INT_CONVERSION = YES;
				CLANG_WARN_NON_LITERAL_NULL_CONVERSION = YES;
				CLANG_WARN_OBJC_LITERAL_CONVERSION = YES;
				CLANG_WARN_OBJC_ROOT_CLASS = YES_ERROR;
				CLANG_WARN_RANGE_LOOP_ANALYSIS = YES;
				CLANG_WARN_STRICT_PROTOTYPES = YES;
				CLANG_WARN_SUSPICIOUS_MOVE = YES;
				CLANG_WARN_UNGUARDED_AVAILABILITY = YES_AGGRESSIVE;
				CLANG_WARN_UNREACHABLE_CODE = YES;
				CLANG_WARN__DUPLICATE_METHOD_MATCH = YES;
				CODE_SIGN_IDENTITY = "iPhone Developer";
				COPY_PHASE_STRIP = NO;
				DEBUG_INFORMATION_FORMAT = dwarf;
				ENABLE_STRICT_OBJC_MSGSEND = YES;
				ENABLE_TESTABILITY = YES;
				GCC_C_LANGUAGE_STANDARD = gnu11;
				GCC_DYNAMIC_NO_PIC = NO;
				GCC_NO_COMMON_BLOCKS = YES;
				GCC_OPTIMIZATION_LEVEL = 0;
				GCC_PREPROCESSOR_DEFINITIONS = (
					"DEBUG=1",
					"$(inherited)",
				);
				GCC_WARN_64_TO_32_BIT_CONVERSION = YES;
				GCC_WARN_ABOUT_RETURN_TYPE = YES_ERROR;
				GCC_WARN_UNDECLARED_SELECTOR = YES;
				GCC_WARN_UNINITIALIZED_AUTOS = YES_AGGRESSIVE;
				GCC_WARN_UNUSED_FUNCTION = YES;
				GCC_WARN_UNUSED_VARIABLE = YES;
				IPHONEOS_DEPLOYMENT_TARGET = 11.1;
				MTL_ENABLE_DEBUG_INFO = YES;
				ONLY_ACTIVE_ARCH = YES;
				SDKROOT = iphoneos;
				SWIFT_ACTIVE_COMPILATION_CONDITIONS = DEBUG;
				SWIFT_OPTIMIZATION_LEVEL = "-Onone";
			};
			name = Debug;
		};
		56BEB7121FE1730400493CC8 /* Release */ = {
			isa = XCBuildConfiguration;
			buildSettings = {
				ALWAYS_SEARCH_USER_PATHS = NO;
				CLANG_ANALYZER_NONNULL = YES;
				CLANG_ANALYZER_NUMBER_OBJECT_CONVERSION = YES_AGGRESSIVE;
				CLANG_CXX_LANGUAGE_STANDARD = "gnu++14";
				CLANG_CXX_LIBRARY = "libc++";
				CLANG_ENABLE_MODULES = YES;
				CLANG_ENABLE_OBJC_ARC = YES;
				CLANG_WARN_BLOCK_CAPTURE_AUTORELEASING = YES;
				CLANG_WARN_BOOL_CONVERSION = YES;
				CLANG_WARN_COMMA = YES;
				CLANG_WARN_CONSTANT_CONVERSION = YES;
				CLANG_WARN_DIRECT_OBJC_ISA_USAGE = YES_ERROR;
				CLANG_WARN_DOCUMENTATION_COMMENTS = YES;
				CLANG_WARN_EMPTY_BODY = YES;
				CLANG_WARN_ENUM_CONVERSION = YES;
				CLANG_WARN_INFINITE_RECURSION = YES;
				CLANG_WARN_INT_CONVERSION = YES;
				CLANG_WARN_NON_LITERAL_NULL_CONVERSION = YES;
				CLANG_WARN_OBJC_LITERAL_CONVERSION = YES;
				CLANG_WARN_OBJC_ROOT_CLASS = YES_ERROR;
				CLANG_WARN_RANGE_LOOP_ANALYSIS = YES;
				CLANG_WARN_STRICT_PROTOTYPES = YES;
				CLANG_WARN_SUSPICIOUS_MOVE = YES;
				CLANG_WARN_UNGUARDED_AVAILABILITY = YES_AGGRESSIVE;
				CLANG_WARN_UNREACHABLE_CODE = YES;
				CLANG_WARN__DUPLICATE_METHOD_MATCH = YES;
				CODE_SIGN_IDENTITY = "iPhone Developer";
				COPY_PHASE_STRIP = NO;
				DEBUG_INFORMATION_FORMAT = "dwarf-with-dsym";
				ENABLE_NS_ASSERTIONS = NO;
				ENABLE_STRICT_OBJC_MSGSEND = YES;
				GCC_C_LANGUAGE_STANDARD = gnu11;
				GCC_NO_COMMON_BLOCKS = YES;
				GCC_WARN_64_TO_32_BIT_CONVERSION = YES;
				GCC_WARN_ABOUT_RETURN_TYPE = YES_ERROR;
				GCC_WARN_UNDECLARED_SELECTOR = YES;
				GCC_WARN_UNINITIALIZED_AUTOS = YES_AGGRESSIVE;
				GCC_WARN_UNUSED_FUNCTION = YES;
				GCC_WARN_UNUSED_VARIABLE = YES;
				IPHONEOS_DEPLOYMENT_TARGET = 11.1;
				MTL_ENABLE_DEBUG_INFO = NO;
				SDKROOT = iphoneos;
				SWIFT_OPTIMIZATION_LEVEL = "-Owholemodule";
				VALIDATE_PRODUCT = YES;
			};
			name = Release;
		};
		56BEB7141FE1730400493CC8 /* Debug */ = {
			isa = XCBuildConfiguration;
			buildSettings = {
				ASSETCATALOG_COMPILER_APPICON_NAME = AppIcon;
				CODE_SIGN_STYLE = Automatic;
				DEVELOPMENT_TEAM = UULUGRSC24;
				INFOPLIST_FILE = DemoInterface/Info.plist;
				IPHONEOS_DEPLOYMENT_TARGET = 10.0;
				LD_RUNPATH_SEARCH_PATHS = "$(inherited) @executable_path/Frameworks";
				PRODUCT_BUNDLE_IDENTIFIER = pe.demoInterface;
				PRODUCT_NAME = "$(TARGET_NAME)";
				SWIFT_VERSION = 4.0;
				TARGETED_DEVICE_FAMILY = "1,2";
			};
			name = Debug;
		};
		56BEB7151FE1730400493CC8 /* Release */ = {
			isa = XCBuildConfiguration;
			buildSettings = {
				ASSETCATALOG_COMPILER_APPICON_NAME = AppIcon;
				CODE_SIGN_STYLE = Automatic;
				DEVELOPMENT_TEAM = UULUGRSC24;
				INFOPLIST_FILE = DemoInterface/Info.plist;
				IPHONEOS_DEPLOYMENT_TARGET = 10.0;
				LD_RUNPATH_SEARCH_PATHS = "$(inherited) @executable_path/Frameworks";
				PRODUCT_BUNDLE_IDENTIFIER = pe.demoInterface;
				PRODUCT_NAME = "$(TARGET_NAME)";
				SWIFT_VERSION = 4.0;
				TARGETED_DEVICE_FAMILY = "1,2";
			};
			name = Release;
		};
/* End XCBuildConfiguration section */

/* Begin XCConfigurationList section */
		56BEB6FC1FE1730400493CC8 /* Build configuration list for PBXProject "DemoInterface" */ = {
			isa = XCConfigurationList;
			buildConfigurations = (
				56BEB7111FE1730400493CC8 /* Debug */,
				56BEB7121FE1730400493CC8 /* Release */,
			);
			defaultConfigurationIsVisible = 0;
			defaultConfigurationName = Release;
		};
		56BEB7131FE1730400493CC8 /* Build configuration list for PBXNativeTarget "DemoInterface" */ = {
			isa = XCConfigurationList;
			buildConfigurations = (
				56BEB7141FE1730400493CC8 /* Debug */,
				56BEB7151FE1730400493CC8 /* Release */,
			);
			defaultConfigurationIsVisible = 0;
			defaultConfigurationName = Release;
		};
/* End XCConfigurationList section */
	};
	rootObject = 56BEB6F91FE1730400493CC8 /* Project object */;
}
